
Microsoft Visual Studio Solution File, Format Version 12.00
# Visual Studio 15
VisualStudioVersion = 15.0.26730.3
MinimumVisualStudioVersion = 10.0.40219.1
Project("{FAE04EC0-301F-11D3-BF4B-00C04F79EFBC}") = "Leitor_Base_TI", "Leitor_Base_TI\Leitor_Base_TI.csproj", "{C34A5436-87DB-45D4-B827-D6C4F84741DE}"
EndProject
Global
	GlobalSection(SolutionConfigurationPlatforms) = preSolution
		Debug|Any CPU = Debug|Any CPU
		Release|Any CPU = Release|Any CPU
	EndGlobalSection
	GlobalSection(ProjectConfigurationPlatforms) = postSolution
		{C34A5436-87DB-45D4-B827-D6C4F84741DE}.Debug|Any CPU.ActiveCfg = Debug|Any CPU
		{C34A5436-87DB-45D4-B827-D6C4F84741DE}.Debug|Any CPU.Build.0 = Debug|Any CPU
		{C34A5436-87DB-45D4-B827-D6C4F84741DE}.Release|Any CPU.ActiveCfg = Release|Any CPU
		{C34A5436-87DB-45D4-B827-D6C4F84741DE}.Release|Any CPU.Build.0 = Release|Any CPU
	EndGlobalSection
	GlobalSection(SolutionProperties) = preSolution
		HideSolutionNode = FALSE
	EndGlobalSection
	GlobalSection(ExtensibilityGlobals) = postSolution
		SolutionGuid = {2C1A647D-F9A7-41C4-B4A4-547D7B3F9D81}
	EndGlobalSection
EndGlobal
